PODS:
  - AudioKit (4.0.3):
    - AudioKit/UI (= 4.0.3)
  - AudioKit/UI (4.0.3)
  - GoogleSignIn (4.1.0):
    - "GoogleToolboxForMac/NSDictionary+URLArguments (~> 2.1)"
    - "GoogleToolboxForMac/NSString+URLArguments (~> 2.1)"
    - GTMOAuth2 (~> 1.0)
    - GTMSessionFetcher/Core (~> 1.1)
  - GoogleToolboxForMac/DebugUtils (2.1.1):
    - GoogleToolboxForMac/Defines (= 2.1.1)
  - GoogleToolboxForMac/Defines (2.1.1)
  - "GoogleToolboxForMac/NSDictionary+URLArguments (2.1.1)":
    - GoogleToolboxForMac/DebugUtils (= 2.1.1)
    - GoogleToolboxForMac/Defines (= 2.1.1)
    - "GoogleToolboxForMac/NSString+URLArguments (= 2.1.1)"
  - "GoogleToolboxForMac/NSString+URLArguments (2.1.1)"
  - GTMOAuth2 (1.1.4):
    - GTMSessionFetcher (~> 1.1)
  - GTMSessionFetcher (1.1.11):
    - GTMSessionFetcher/Full (= 1.1.11)
  - GTMSessionFetcher/Core (1.1.11)
  - GTMSessionFetcher/Full (1.1.11):
    - GTMSessionFetcher/Core (= 1.1.11)
  - PandoraPlayer (1.2):
    - AudioKit (= 4.0.3)
  - Realm (3.14.1):
    - Realm/Headers (= 3.14.1)
  - Realm/Headers (3.14.1)
  - RealmSwift (3.14.1):
    - Realm (= 3.14.1)

DEPENDENCIES:
  - GoogleSignIn
  - PandoraPlayer
  - RealmSwift

SPEC REPOS:
  https://github.com/cocoapods/specs.git:
    - AudioKit
    - GoogleSignIn
    - GoogleToolboxForMac
    - GTMOAuth2
    - GTMSessionFetcher
    - PandoraPlayer
    - Realm
    - RealmSwift

SPEC CHECKSUMS:
  AudioKit: 914e5e8fcbf35099ff2398775342446a2d81476d
  GoogleSignIn: 8c599fc10d25b2af86a3f82fd9631e863f2b1400
  GoogleToolboxForMac: 8e329f1b599f2512c6b10676d45736bcc2cbbeb0
  GTMOAuth2: 4eb69243935d2ca2650f8b18026770de5dc19e87
  GTMSessionFetcher: 5ad62e8200fa00ed011fe5e08d27fef72c5b1429
  PandoraPlayer: 6e2f905ad7c6e51294e6f090d304f08a724174aa
  Realm: e12c9c2387d05c5bba3a9c394838f5870e85763b
  RealmSwift: a82eab9b04c3e1616082c7e17aa300740847769c

PODFILE CHECKSUM: 3c0b14452f9ad26b15d67783ea49a3fbf17cb194

COCOAPODS: 1.6.1
