// !$*UTF8*$!
{
	archiveVersion = 1;
	classes = {
	};
	objectVersion = 50;
	objects = {

/* Begin PBXBuildFile section */
		4B6D73C22247449C00E582E6 /* AppDelegate.swift in Sources */ = {isa = PBXBuildFile; fileRef = 4B6D73C12247449C00E582E6 /* AppDelegate.swift */; };
		4B6D73C42247449C00E582E6 /* LoginSignUpViewController.swift in Sources */ = {isa = PBXBuildFile; fileRef = 4B6D73C32247449C00E582E6 /* LoginSignUpViewController.swift */; };
		4B6D73C72247449C00E582E6 /* Main.storyboard in Resources */ = {isa = PBXBuildFile; fileRef = 4B6D73C52247449C00E582E6 /* Main.storyboard */; };
		4B6D73C92247449E00E582E6 /* Assets.xcassets in Resources */ = {isa = PBXBuildFile; fileRef = 4B6D73C82247449E00E582E6 /* Assets.xcassets */; };
		4B6D73CC2247449E00E582E6 /* LaunchScreen.storyboard in Resources */ = {isa = PBXBuildFile; fileRef = 4B6D73CA2247449E00E582E6 /* LaunchScreen.storyboard */; };
		4B6D73D6224812F400E582E6 /* MusicServiceAuthenticationViewController.swift in Sources */ = {isa = PBXBuildFile; fileRef = 4B6D73D5224812F400E582E6 /* MusicServiceAuthenticationViewController.swift */; };
		4B6D73D8224815FA00E582E6 /* MusicControlViewController.swift in Sources */ = {isa = PBXBuildFile; fileRef = 4B6D73D7224815FA00E582E6 /* MusicControlViewController.swift */; };
		4B6D73DA22481D1A00E582E6 /* SearchViewController.swift in Sources */ = {isa = PBXBuildFile; fileRef = 4B6D73D922481D1A00E582E6 /* SearchViewController.swift */; };
		4B903F8622559927008CA4DE /* LoginHelper.swift in Sources */ = {isa = PBXBuildFile; fileRef = 4B903F8522559927008CA4DE /* LoginHelper.swift */; };
		4B903F882256FAC9008CA4DE /* SpotifyiOS.framework in Frameworks */ = {isa = PBXBuildFile; fileRef = 4B903F872256FAC9008CA4DE /* SpotifyiOS.framework */; };
		4BFF0EC62267F13700E66C74 /* SpotifyModel.swift in Sources */ = {isa = PBXBuildFile; fileRef = 4BFF0EC52267F13700E66C74 /* SpotifyModel.swift */; };
		D81BFF9A71A5400CC2C60A43 /* Pods_MusicApp.framework in Frameworks */ = {isa = PBXBuildFile; fileRef = 3B90E564FCEF34C3D6ABB728 /* Pods_MusicApp.framework */; };
/* End PBXBuildFile section */

/* Begin PBXFileReference section */
		3B90E564FCEF34C3D6ABB728 /* Pods_MusicApp.framework */ = {isa = PBXFileReference; explicitFileType = wrapper.framework; includeInIndex = 0; path = Pods_MusicApp.framework; sourceTree = BUILT_PRODUCTS_DIR; };
		4B6D73BE2247449C00E582E6 /* MusicApp.app */ = {isa = PBXFileReference; explicitFileType = wrapper.application; includeInIndex = 0; path = MusicApp.app; sourceTree = BUILT_PRODUCTS_DIR; };
		4B6D73C12247449C00E582E6 /* AppDelegate.swift */ = {isa = PBXFileReference; lastKnownFileType = sourcecode.swift; path = AppDelegate.swift; sourceTree = "<group>"; };
		4B6D73C32247449C00E582E6 /* LoginSignUpViewController.swift */ = {isa = PBXFileReference; lastKnownFileType = sourcecode.swift; path = LoginSignUpViewController.swift; sourceTree = "<group>"; };
		4B6D73C62247449C00E582E6 /* Base */ = {isa = PBXFileReference; lastKnownFileType = file.storyboard; name = Base; path = Base.lproj/Main.storyboard; sourceTree = "<group>"; };
		4B6D73C82247449E00E582E6 /* Assets.xcassets */ = {isa = PBXFileReference; lastKnownFileType = folder.assetcatalog; path = Assets.xcassets; sourceTree = "<group>"; };
		4B6D73CB2247449E00E582E6 /* Base */ = {isa = PBXFileReference; lastKnownFileType = file.storyboard; name = Base; path = Base.lproj/LaunchScreen.storyboard; sourceTree = "<group>"; };
		4B6D73CD2247449E00E582E6 /* Info.plist */ = {isa = PBXFileReference; lastKnownFileType = text.plist.xml; path = Info.plist; sourceTree = "<group>"; };
		4B6D73D5224812F400E582E6 /* MusicServiceAuthenticationViewController.swift */ = {isa = PBXFileReference; lastKnownFileType = sourcecode.swift; path = MusicServiceAuthenticationViewController.swift; sourceTree = "<group>"; };
		4B6D73D7224815FA00E582E6 /* MusicControlViewController.swift */ = {isa = PBXFileReference; lastKnownFileType = sourcecode.swift; path = MusicControlViewController.swift; sourceTree = "<group>"; };
		4B6D73D922481D1A00E582E6 /* SearchViewController.swift */ = {isa = PBXFileReference; lastKnownFileType = sourcecode.swift; path = SearchViewController.swift; sourceTree = "<group>"; };
		4B903F8522559927008CA4DE /* LoginHelper.swift */ = {isa = PBXFileReference; lastKnownFileType = sourcecode.swift; path = LoginHelper.swift; sourceTree = "<group>"; };
		4B903F872256FAC9008CA4DE /* SpotifyiOS.framework */ = {isa = PBXFileReference; lastKnownFileType = wrapper.framework; path = SpotifyiOS.framework; sourceTree = "<group>"; };
		4B903F89225D37D0008CA4DE /* MusicApp-Bridging-Header.h */ = {isa = PBXFileReference; lastKnownFileType = sourcecode.c.h; path = "MusicApp-Bridging-Header.h"; sourceTree = "<group>"; };
		4BFF0EC52267F13700E66C74 /* SpotifyModel.swift */ = {isa = PBXFileReference; lastKnownFileType = sourcecode.swift; path = SpotifyModel.swift; sourceTree = "<group>"; };
		58B6F4C633499E14B8C53017 /* Pods-MusicApp.debug.xcconfig */ = {isa = PBXFileReference; includeInIndex = 1; lastKnownFileType = text.xcconfig; name = "Pods-MusicApp.debug.xcconfig"; path = "Target Support Files/Pods-MusicApp/Pods-MusicApp.debug.xcconfig"; sourceTree = "<group>"; };
		8094CC9C64CDDF9FC65D7D9C /* Pods-MusicApp.release.xcconfig */ = {isa = PBXFileReference; includeInIndex = 1; lastKnownFileType = text.xcconfig; name = "Pods-MusicApp.release.xcconfig"; path = "Target Support Files/Pods-MusicApp/Pods-MusicApp.release.xcconfig"; sourceTree = "<group>"; };
/* End PBXFileReference section */

/* Begin PBXFrameworksBuildPhase section */
		4B6D73BB2247449C00E582E6 /* Frameworks */ = {
			isa = PBXFrameworksBuildPhase;
			buildActionMask = 2147483647;
			files = (
				D81BFF9A71A5400CC2C60A43 /* Pods_MusicApp.framework in Frameworks */,
				4B903F882256FAC9008CA4DE /* SpotifyiOS.framework in Frameworks */,
			);
			runOnlyForDeploymentPostprocessing = 0;
		};
/* End PBXFrameworksBuildPhase section */

/* Begin PBXGroup section */
		4B6D73B52247449C00E582E6 = {
			isa = PBXGroup;
			children = (
				4B6D73C02247449C00E582E6 /* MusicApp */,
				4B6D73BF2247449C00E582E6 /* Products */,
				952942C49348495BFE65A90B /* Pods */,
				AC9913080BBEED8F15DCF4D7 /* Frameworks */,
			);
			sourceTree = "<group>";
		};
		4B6D73BF2247449C00E582E6 /* Products */ = {
			isa = PBXGroup;
			children = (
				4B6D73BE2247449C00E582E6 /* MusicApp.app */,
			);
			name = Products;
			sourceTree = "<group>";
		};
		4B6D73C02247449C00E582E6 /* MusicApp */ = {
			isa = PBXGroup;
			children = (
				4B6D73D5224812F400E582E6 /* MusicServiceAuthenticationViewController.swift */,
				4B6D73C12247449C00E582E6 /* AppDelegate.swift */,
				4B6D73C32247449C00E582E6 /* LoginSignUpViewController.swift */,
				4B6D73C52247449C00E582E6 /* Main.storyboard */,
				4B903F8522559927008CA4DE /* LoginHelper.swift */,
				4B6D73D922481D1A00E582E6 /* SearchViewController.swift */,
				4B6D73D7224815FA00E582E6 /* MusicControlViewController.swift */,
				4B6D73C82247449E00E582E6 /* Assets.xcassets */,
				4B6D73CA2247449E00E582E6 /* LaunchScreen.storyboard */,
				4B6D73CD2247449E00E582E6 /* Info.plist */,
				4B903F89225D37D0008CA4DE /* MusicApp-Bridging-Header.h */,
				4BFF0EC52267F13700E66C74 /* SpotifyModel.swift */,
			);
			path = MusicApp;
			sourceTree = "<group>";
		};
		952942C49348495BFE65A90B /* Pods */ = {
			isa = PBXGroup;
			children = (
				58B6F4C633499E14B8C53017 /* Pods-MusicApp.debug.xcconfig */,
				8094CC9C64CDDF9FC65D7D9C /* Pods-MusicApp.release.xcconfig */,
			);
			path = Pods;
			sourceTree = "<group>";
		};
		AC9913080BBEED8F15DCF4D7 /* Frameworks */ = {
			isa = PBXGroup;
			children = (
				4B903F872256FAC9008CA4DE /* SpotifyiOS.framework */,
				3B90E564FCEF34C3D6ABB728 /* Pods_MusicApp.framework */,
			);
			name = Frameworks;
			sourceTree = "<group>";
		};
/* End PBXGroup section */

/* Begin PBXNativeTarget section */
		4B6D73BD2247449C00E582E6 /* MusicApp */ = {
			isa = PBXNativeTarget;
			buildConfigurationList = 4B6D73D02247449E00E582E6 /* Build configuration list for PBXNativeTarget "MusicApp" */;
			buildPhases = (
				7F775C733C864A6B8C40A785 /* [CP] Check Pods Manifest.lock */,
				4B6D73BA2247449C00E582E6 /* Sources */,
				4B6D73BB2247449C00E582E6 /* Frameworks */,
				4B6D73BC2247449C00E582E6 /* Resources */,
				85BA131DE11086A97F34E092 /* [CP] Embed Pods Frameworks */,
				C37844A005E9C95EC20F7A01 /* [CP] Copy Pods Resources */,
			);
			buildRules = (
			);
			dependencies = (
			);
			name = MusicApp;
			productName = MusicApp;
			productReference = 4B6D73BE2247449C00E582E6 /* MusicApp.app */;
			productType = "com.apple.product-type.application";
		};
/* End PBXNativeTarget section */

/* Begin PBXProject section */
		4B6D73B62247449C00E582E6 /* Project object */ = {
			isa = PBXProject;
			attributes = {
				LastSwiftUpdateCheck = 1010;
				LastUpgradeCheck = 1010;
				ORGANIZATIONNAME = "Joshua Singer";
				TargetAttributes = {
					4B6D73BD2247449C00E582E6 = {
						CreatedOnToolsVersion = 10.1;
					};
				};
			};
			buildConfigurationList = 4B6D73B92247449C00E582E6 /* Build configuration list for PBXProject "MusicApp" */;
			compatibilityVersion = "Xcode 9.3";
			developmentRegion = en;
			hasScannedForEncodings = 0;
			knownRegions = (
				en,
				Base,
			);
			mainGroup = 4B6D73B52247449C00E582E6;
			productRefGroup = 4B6D73BF2247449C00E582E6 /* Products */;
			projectDirPath = "";
			projectRoot = "";
			targets = (
				4B6D73BD2247449C00E582E6 /* MusicApp */,
			);
		};
/* End PBXProject section */

/* Begin PBXResourcesBuildPhase section */
		4B6D73BC2247449C00E582E6 /* Resources */ = {
			isa = PBXResourcesBuildPhase;
			buildActionMask = 2147483647;
			files = (
				4B6D73CC2247449E00E582E6 /* LaunchScreen.storyboard in Resources */,
				4B6D73C92247449E00E582E6 /* Assets.xcassets in Resources */,
				4B6D73C72247449C00E582E6 /* Main.storyboard in Resources */,
			);
			runOnlyForDeploymentPostprocessing = 0;
		};
/* End PBXResourcesBuildPhase section */

/* Begin PBXShellScriptBuildPhase section */
		7F775C733C864A6B8C40A785 /* [CP] Check Pods Manifest.lock */ = {
			isa = PBXShellScriptBuildPhase;
			buildActionMask = 2147483647;
			files = (
			);
			inputFileListPaths = (
			);
			inputPaths = (
				"${PODS_PODFILE_DIR_PATH}/Podfile.lock",
				"${PODS_ROOT}/Manifest.lock",
			);
			name = "[CP] Check Pods Manifest.lock";
			outputFileListPaths = (
			);
			outputPaths = (
				"$(DERIVED_FILE_DIR)/Pods-MusicApp-checkManifestLockResult.txt",
			);
			runOnlyForDeploymentPostprocessing = 0;
			shellPath = /bin/sh;
			shellScript = "diff \"${PODS_PODFILE_DIR_PATH}/Podfile.lock\" \"${PODS_ROOT}/Manifest.lock\" > /dev/null\nif [ $? != 0 ] ; then\n    # print error to STDERR\n    echo \"error: The sandbox is not in sync with the Podfile.lock. Run 'pod install' or update your CocoaPods installation.\" >&2\n    exit 1\nfi\n# This output is used by Xcode 'outputs' to avoid re-running this script phase.\necho \"SUCCESS\" > \"${SCRIPT_OUTPUT_FILE_0}\"\n";
			showEnvVarsInLog = 0;
		};
		85BA131DE11086A97F34E092 /* [CP] Embed Pods Frameworks */ = {
			isa = PBXShellScriptBuildPhase;
			buildActionMask = 2147483647;
			files = (
			);
			inputFileListPaths = (
			);
			inputPaths = (
				"${PODS_ROOT}/Target Support Files/Pods-MusicApp/Pods-MusicApp-frameworks.sh",
				"${BUILT_PRODUCTS_DIR}/GTMSessionFetcher/GTMSessionFetcher.framework",
				"${BUILT_PRODUCTS_DIR}/GoogleToolboxForMac/GoogleToolboxForMac.framework",
				"${BUILT_PRODUCTS_DIR}/Realm/Realm.framework",
				"${BUILT_PRODUCTS_DIR}/RealmSwift/RealmSwift.framework",
			);
			name = "[CP] Embed Pods Frameworks";
			outputFileListPaths = (
			);
			outputPaths = (
				"${TARGET_BUILD_DIR}/${FRAMEWORKS_FOLDER_PATH}/GTMSessionFetcher.framework",
				"${TARGET_BUILD_DIR}/${FRAMEWORKS_FOLDER_PATH}/GoogleToolboxForMac.framework",
				"${TARGET_BUILD_DIR}/${FRAMEWORKS_FOLDER_PATH}/Realm.framework",
				"${TARGET_BUILD_DIR}/${FRAMEWORKS_FOLDER_PATH}/RealmSwift.framework",
			);
			runOnlyForDeploymentPostprocessing = 0;
			shellPath = /bin/sh;
			shellScript = "\"${PODS_ROOT}/Target Support Files/Pods-MusicApp/Pods-MusicApp-frameworks.sh\"\n";
			showEnvVarsInLog = 0;
		};
		C37844A005E9C95EC20F7A01 /* [CP] Copy Pods Resources */ = {
			isa = PBXShellScriptBuildPhase;
			buildActionMask = 2147483647;
			files = (
			);
			inputFileListPaths = (
			);
			inputPaths = (
				"${PODS_ROOT}/Target Support Files/Pods-MusicApp/Pods-MusicApp-resources.sh",
				"${PODS_ROOT}/GoogleSignIn/Resources/GoogleSignIn.bundle",
			);
			name = "[CP] Copy Pods Resources";
			outputFileListPaths = (
			);
			outputPaths = (
				"${TARGET_BUILD_DIR}/${UNLOCALIZED_RESOURCES_FOLDER_PATH}/GoogleSignIn.bundle",
			);
			runOnlyForDeploymentPostprocessing = 0;
			shellPath = /bin/sh;
			shellScript = "\"${PODS_ROOT}/Target Support Files/Pods-MusicApp/Pods-MusicApp-resources.sh\"\n";
			showEnvVarsInLog = 0;
		};
/* End PBXShellScriptBuildPhase section */

/* Begin PBXSourcesBuildPhase section */
		4B6D73BA2247449C00E582E6 /* Sources */ = {
			isa = PBXSourcesBuildPhase;
			buildActionMask = 2147483647;
			files = (
				4B6D73DA22481D1A00E582E6 /* SearchViewController.swift in Sources */,
				4B6D73D8224815FA00E582E6 /* MusicControlViewController.swift in Sources */,
				4B6D73D6224812F400E582E6 /* MusicServiceAuthenticationViewController.swift in Sources */,
				4B6D73C42247449C00E582E6 /* LoginSignUpViewController.swift in Sources */,
				4BFF0EC62267F13700E66C74 /* SpotifyModel.swift in Sources */,
				4B6D73C22247449C00E582E6 /* AppDelegate.swift in Sources */,
				4B903F8622559927008CA4DE /* LoginHelper.swift in Sources */,
			);
			runOnlyForDeploymentPostprocessing = 0;
		};
/* End PBXSourcesBuildPhase section */

/* Begin PBXVariantGroup section */
		4B6D73C52247449C00E582E6 /* Main.storyboard */ = {
			isa = PBXVariantGroup;
			children = (
				4B6D73C62247449C00E582E6 /* Base */,
			);
			name = Main.storyboard;
			sourceTree = "<group>";
		};
		4B6D73CA2247449E00E582E6 /* LaunchScreen.storyboard */ = {
			isa = PBXVariantGroup;
			children = (
				4B6D73CB2247449E00E582E6 /* Base */,
			);
			name = LaunchScreen.storyboard;
			sourceTree = "<group>";
		};
/* End PBXVariantGroup section */

/* Begin XCBuildConfiguration section */
		4B6D73CE2247449E00E582E6 /* Debug */ = {
			isa = XCBuildConfiguration;
			buildSettings = {
				ALWAYS_SEARCH_USER_PATHS = NO;
				CLANG_ANALYZER_NONNULL = YES;
				CLANG_ANALYZER_NUMBER_OBJECT_CONVERSION = YES_AGGRESSIVE;
				CLANG_CXX_LANGUAGE_STANDARD = "gnu++14";
				CLANG_CXX_LIBRARY = "libc++";
				CLANG_ENABLE_MODULES = YES;
				CLANG_ENABLE_OBJC_ARC = YES;
				CLANG_ENABLE_OBJC_WEAK = YES;
				CLANG_WARN_BLOCK_CAPTURE_AUTORELEASING = YES;
				CLANG_WARN_BOOL_CONVERSION = YES;
				CLANG_WARN_COMMA = YES;
				CLANG_WARN_CONSTANT_CONVERSION = YES;
				CLANG_WARN_DEPRECATED_OBJC_IMPLEMENTATIONS = YES;
				CLANG_WARN_DIRECT_OBJC_ISA_USAGE = YES_ERROR;
				CLANG_WARN_DOCUMENTATION_COMMENTS = YES;
				CLANG_WARN_EMPTY_BODY = YES;
				CLANG_WARN_ENUM_CONVERSION = YES;
				CLANG_WARN_INFINITE_RECURSION = YES;
				CLANG_WARN_INT_CONVERSION = YES;
				CLANG_WARN_NON_LITERAL_NULL_CONVERSION = YES;
				CLANG_WARN_OBJC_IMPLICIT_RETAIN_SELF = YES;
				CLANG_WARN_OBJC_LITERAL_CONVERSION = YES;
				CLANG_WARN_OBJC_ROOT_CLASS = YES_ERROR;
				CLANG_WARN_RANGE_LOOP_ANALYSIS = YES;
				CLANG_WARN_STRICT_PROTOTYPES = YES;
				CLANG_WARN_SUSPICIOUS_MOVE = YES;
				CLANG_WARN_UNGUARDED_AVAILABILITY = YES_AGGRESSIVE;
				CLANG_WARN_UNREACHABLE_CODE = YES;
				CLANG_WARN__DUPLICATE_METHOD_MATCH = YES;
				CODE_SIGN_IDENTITY = "iPhone Developer";
				COPY_PHASE_STRIP = NO;
				DEBUG_INFORMATION_FORMAT = dwarf;
				ENABLE_STRICT_OBJC_MSGSEND = YES;
				ENABLE_TESTABILITY = YES;
				GCC_C_LANGUAGE_STANDARD = gnu11;
				GCC_DYNAMIC_NO_PIC = NO;
				GCC_NO_COMMON_BLOCKS = YES;
				GCC_OPTIMIZATION_LEVEL = 0;
				GCC_PREPROCESSOR_DEFINITIONS = (
					"DEBUG=1",
					"$(inherited)",
				);
				GCC_WARN_64_TO_32_BIT_CONVERSION = YES;
				GCC_WARN_ABOUT_RETURN_TYPE = YES_ERROR;
				GCC_WARN_UNDECLARED_SELECTOR = YES;
				GCC_WARN_UNINITIALIZED_AUTOS = YES_AGGRESSIVE;
				GCC_WARN_UNUSED_FUNCTION = YES;
				GCC_WARN_UNUSED_VARIABLE = YES;
				IPHONEOS_DEPLOYMENT_TARGET = 12.1;
				MTL_ENABLE_DEBUG_INFO = INCLUDE_SOURCE;
				MTL_FAST_MATH = YES;
				ONLY_ACTIVE_ARCH = YES;
				SDKROOT = iphoneos;
				SWIFT_ACTIVE_COMPILATION_CONDITIONS = DEBUG;
				SWIFT_OPTIMIZATION_LEVEL = "-Onone";
			};
			name = Debug;
		};
		4B6D73CF2247449E00E582E6 /* Release */ = {
			isa = XCBuildConfiguration;
			buildSettings = {
				ALWAYS_SEARCH_USER_PATHS = NO;
				CLANG_ANALYZER_NONNULL = YES;
				CLANG_ANALYZER_NUMBER_OBJECT_CONVERSION = YES_AGGRESSIVE;
				CLANG_CXX_LANGUAGE_STANDARD = "gnu++14";
				CLANG_CXX_LIBRARY = "libc++";
				CLANG_ENABLE_MODULES = YES;
				CLANG_ENABLE_OBJC_ARC = YES;
				CLANG_ENABLE_OBJC_WEAK = YES;
				CLANG_WARN_BLOCK_CAPTURE_AUTORELEASING = YES;
				CLANG_WARN_BOOL_CONVERSION = YES;
				CLANG_WARN_COMMA = YES;
				CLANG_WARN_CONSTANT_CONVERSION = YES;
				CLANG_WARN_DEPRECATED_OBJC_IMPLEMENTATIONS = YES;
				CLANG_WARN_DIRECT_OBJC_ISA_USAGE = YES_ERROR;
				CLANG_WARN_DOCUMENTATION_COMMENTS = YES;
				CLANG_WARN_EMPTY_BODY = YES;
				CLANG_WARN_ENUM_CONVERSION = YES;
				CLANG_WARN_INFINITE_RECURSION = YES;
				CLANG_WARN_INT_CONVERSION = YES;
				CLANG_WARN_NON_LITERAL_NULL_CONVERSION = YES;
				CLANG_WARN_OBJC_IMPLICIT_RETAIN_SELF = YES;
				CLANG_WARN_OBJC_LITERAL_CONVERSION = YES;
				CLANG_WARN_OBJC_ROOT_CLASS = YES_ERROR;
				CLANG_WARN_RANGE_LOOP_ANALYSIS = YES;
				CLANG_WARN_STRICT_PROTOTYPES = YES;
				CLANG_WARN_SUSPICIOUS_MOVE = YES;
				CLANG_WARN_UNGUARDED_AVAILABILITY = YES_AGGRESSIVE;
				CLANG_WARN_UNREACHABLE_CODE = YES;
				CLANG_WARN__DUPLICATE_METHOD_MATCH = YES;
				CODE_SIGN_IDENTITY = "iPhone Developer";
				COPY_PHASE_STRIP = NO;
				DEBUG_INFORMATION_FORMAT = "dwarf-with-dsym";
				ENABLE_NS_ASSERTIONS = NO;
				ENABLE_STRICT_OBJC_MSGSEND = YES;
				GCC_C_LANGUAGE_STANDARD = gnu11;
				GCC_NO_COMMON_BLOCKS = YES;
				GCC_WARN_64_TO_32_BIT_CONVERSION = YES;
				GCC_WARN_ABOUT_RETURN_TYPE = YES_ERROR;
				GCC_WARN_UNDECLARED_SELECTOR = YES;
				GCC_WARN_UNINITIALIZED_AUTOS = YES_AGGRESSIVE;
				GCC_WARN_UNUSED_FUNCTION = YES;
				GCC_WARN_UNUSED_VARIABLE = YES;
				IPHONEOS_DEPLOYMENT_TARGET = 12.1;
				MTL_ENABLE_DEBUG_INFO = NO;
				MTL_FAST_MATH = YES;
				SDKROOT = iphoneos;
				SWIFT_COMPILATION_MODE = wholemodule;
				SWIFT_OPTIMIZATION_LEVEL = "-O";
				VALIDATE_PRODUCT = YES;
			};
			name = Release;
		};
		4B6D73D12247449E00E582E6 /* Debug */ = {
			isa = XCBuildConfiguration;
			baseConfigurationReference = 58B6F4C633499E14B8C53017 /* Pods-MusicApp.debug.xcconfig */;
			buildSettings = {
				ASSETCATALOG_COMPILER_APPICON_NAME = AppIcon;
				CODE_SIGN_STYLE = Automatic;
				DEVELOPMENT_TEAM = 785A755398;
				FRAMEWORK_SEARCH_PATHS = (
					"$(inherited)",
					"$(PROJECT_DIR)",
				);
				INFOPLIST_FILE = MusicApp/Info.plist;
				IPHONEOS_DEPLOYMENT_TARGET = 12.0;
				LD_RUNPATH_SEARCH_PATHS = (
					"$(inherited)",
					"@executable_path/Frameworks",
				);
				PRODUCT_BUNDLE_IDENTIFIER = com.joshuasinger.musicapp;
				PRODUCT_NAME = "$(TARGET_NAME)";
				SWIFT_OBJC_BRIDGING_HEADER = "MusicApp/MusicApp-Bridging-Header.h";
				SWIFT_VERSION = 4.2;
				TARGETED_DEVICE_FAMILY = "1,2";
			};
			name = Debug;
		};
		4B6D73D22247449E00E582E6 /* Release */ = {
			isa = XCBuildConfiguration;
			baseConfigurationReference = 8094CC9C64CDDF9FC65D7D9C /* Pods-MusicApp.release.xcconfig */;
			buildSettings = {
				ASSETCATALOG_COMPILER_APPICON_NAME = AppIcon;
				CODE_SIGN_STYLE = Automatic;
				DEVELOPMENT_TEAM = 785A755398;
				FRAMEWORK_SEARCH_PATHS = (
					"$(inherited)",
					"$(PROJECT_DIR)",
				);
				INFOPLIST_FILE = MusicApp/Info.plist;
				IPHONEOS_DEPLOYMENT_TARGET = 12.0;
				LD_RUNPATH_SEARCH_PATHS = (
					"$(inherited)",
					"@executable_path/Frameworks",
				);
				PRODUCT_BUNDLE_IDENTIFIER = com.joshuasinger.musicapp;
				PRODUCT_NAME = "$(TARGET_NAME)";
				SWIFT_OBJC_BRIDGING_HEADER = "MusicApp/MusicApp-Bridging-Header.h";
				SWIFT_VERSION = 4.2;
				TARGETED_DEVICE_FAMILY = "1,2";
			};
			name = Release;
		};
/* End XCBuildConfiguration section */

/* Begin XCConfigurationList section */
		4B6D73B92247449C00E582E6 /* Build configuration list for PBXProject "MusicApp" */ = {
			isa = XCConfigurationList;
			buildConfigurations = (
				4B6D73CE2247449E00E582E6 /* Debug */,
				4B6D73CF2247449E00E582E6 /* Release */,
			);
			defaultConfigurationIsVisible = 0;
			defaultConfigurationName = Release;
		};
		4B6D73D02247449E00E582E6 /* Build configuration list for PBXNativeTarget "MusicApp" */ = {
			isa = XCConfigurationList;
			buildConfigurations = (
				4B6D73D12247449E00E582E6 /* Debug */,
				4B6D73D22247449E00E582E6 /* Release */,
			);
			defaultConfigurationIsVisible = 0;
			defaultConfigurationName = Release;
		};
/* End XCConfigurationList section */
	};
	rootObject = 4B6D73B62247449C00E582E6 /* Project object */;
}
